
Microsoft Visual Studio Solution File, Format Version 12.00
# Visual Studio Version 16
VisualStudioVersion = 16.0.30717.126
MinimumVisualStudioVersion = 10.0.40219.1
Project("{FAE04EC0-301F-11D3-BF4B-00C04F79EFBC}") = "ConsoleApp6_Calculator1", "ConsoleApp6_Calculator1\ConsoleApp6_Calculator1.csproj", "{4CB178D2-6989-42D5-ABC8-C461DD569D09}"
EndProject
Global
	GlobalSection(SolutionConfigurationPlatforms) = preSolution
		Debug|Any CPU = Debug|Any CPU
		Release|Any CPU = Release|Any CPU
	EndGlobalSection
	GlobalSection(ProjectConfigurationPlatforms) = postSolution
		{4CB178D2-6989-42D5-ABC8-C461DD569D09}.Debug|Any CPU.ActiveCfg = Debug|Any CPU
		{4CB178D2-6989-42D5-ABC8-C461DD569D09}.Debug|Any CPU.Build.0 = Debug|Any CPU
		{4CB178D2-6989-42D5-ABC8-C461DD569D09}.Release|Any CPU.ActiveCfg = Release|Any CPU
		{4CB178D2-6989-42D5-ABC8-C461DD569D09}.Release|Any CPU.Build.0 = Release|Any CPU
	EndGlobalSection
	GlobalSection(SolutionProperties) = preSolution
		HideSolutionNode = FALSE
	EndGlobalSection
	GlobalSection(ExtensibilityGlobals) = postSolution
		SolutionGuid = {C3262E47-DFFF-4E00-86D9-76AEB7A2B7FA}
	EndGlobalSection
EndGlobal
